
Microsoft Visual Studio Solution File, Format Version 12.00
# Visual Studio Version 17
VisualStudioVersion = 17.4.33213.308
MinimumVisualStudioVersion = 10.0.40219.1
Project("{FAE04EC0-301F-11D3-BF4B-00C04F79EFBC}") = "ClassPractise", "ClassPractise\ClassPractise.csproj", "{939F86F8-7FBD-47EE-8F51-ADA321395185}"
EndProject
Global
	GlobalSection(SolutionConfigurationPlatforms) = preSolution
		Debug|Any CPU = Debug|Any CPU
		Release|Any CPU = Release|Any CPU
	EndGlobalSection
	GlobalSection(ProjectConfigurationPlatforms) = postSolution
		{939F86F8-7FBD-47EE-8F51-ADA321395185}.Debug|Any CPU.ActiveCfg = Debug|Any CPU
		{939F86F8-7FBD-47EE-8F51-ADA321395185}.Debug|Any CPU.Build.0 = Debug|Any CPU
		{939F86F8-7FBD-47EE-8F51-ADA321395185}.Release|Any CPU.ActiveCfg = Release|Any CPU
		{939F86F8-7FBD-47EE-8F51-ADA321395185}.Release|Any CPU.Build.0 = Release|Any CPU
	EndGlobalSection
	GlobalSection(SolutionProperties) = preSolution
		HideSolutionNode = FALSE
	EndGlobalSection
	GlobalSection(ExtensibilityGlobals) = postSolution
		SolutionGuid = {2DCCC336-B86A-4304-A74A-0D3826A4B6F4}
	EndGlobalSection
EndGlobal
